
Microsoft Visual Studio Solution File, Format Version 12.00
# Visual Studio Version 16
VisualStudioVersion = 16.0.28803.452
MinimumVisualStudioVersion = 10.0.40219.1
Project("{FAE04EC0-301F-11D3-BF4B-00C04F79EFBC}") = "HttpsProxy", "HttpsProxy\HttpsProxy.csproj", "{7D443C45-3ABC-4EA1-B7CA-17B741A85089}"
EndProject
Project("{FAE04EC0-301F-11D3-BF4B-00C04F79EFBC}") = "ProxyTesting", "ProxyTesting\ProxyTesting.csproj", "{D4089168-B21D-4414-B17B-4788DD0FB060}"
EndProject
Project("{FAE04EC0-301F-11D3-BF4B-00C04F79EFBC}") = "ProxyLibrary", "ProxyLibrary\ProxyLibrary.csproj", "{584D9397-C26E-4A08-BBD2-A48357FC5041}"
EndProject
Global
	GlobalSection(SolutionConfigurationPlatforms) = preSolution
		Debug|Any CPU = Debug|Any CPU
		Release|Any CPU = Release|Any CPU
	EndGlobalSection
	GlobalSection(ProjectConfigurationPlatforms) = postSolution
		{7D443C45-3ABC-4EA1-B7CA-17B741A85089}.Debug|Any CPU.ActiveCfg = Debug|Any CPU
		{7D443C45-3ABC-4EA1-B7CA-17B741A85089}.Debug|Any CPU.Build.0 = Debug|Any CPU
		{7D443C45-3ABC-4EA1-B7CA-17B741A85089}.Release|Any CPU.ActiveCfg = Release|Any CPU
		{7D443C45-3ABC-4EA1-B7CA-17B741A85089}.Release|Any CPU.Build.0 = Release|Any CPU
		{D4089168-B21D-4414-B17B-4788DD0FB060}.Debug|Any CPU.ActiveCfg = Debug|Any CPU
		{D4089168-B21D-4414-B17B-4788DD0FB060}.Debug|Any CPU.Build.0 = Debug|Any CPU
		{D4089168-B21D-4414-B17B-4788DD0FB060}.Release|Any CPU.ActiveCfg = Release|Any CPU
		{D4089168-B21D-4414-B17B-4788DD0FB060}.Release|Any CPU.Build.0 = Release|Any CPU
		{584D9397-C26E-4A08-BBD2-A48357FC5041}.Debug|Any CPU.ActiveCfg = Debug|Any CPU
		{584D9397-C26E-4A08-BBD2-A48357FC5041}.Debug|Any CPU.Build.0 = Debug|Any CPU
		{584D9397-C26E-4A08-BBD2-A48357FC5041}.Release|Any CPU.ActiveCfg = Release|Any CPU
		{584D9397-C26E-4A08-BBD2-A48357FC5041}.Release|Any CPU.Build.0 = Release|Any CPU
	EndGlobalSection
	GlobalSection(SolutionProperties) = preSolution
		HideSolutionNode = FALSE
	EndGlobalSection
	GlobalSection(ExtensibilityGlobals) = postSolution
		SolutionGuid = {9C75173B-46C3-41A2-B64C-5D279714C8E0}
	EndGlobalSection
EndGlobal
